// !$*UTF8*$!
{
	archiveVersion = 1;
	classes = {
	};
	objectVersion = 50;
	objects = {

/* Begin PBXBuildFile section */
		49301C0524074E2400B4780B /* AppDelegate.swift in Sources */ = {isa = PBXBuildFile; fileRef = 49301C0424074E2400B4780B /* AppDelegate.swift */; };
		49301C0724074E2400B4780B /* SceneDelegate.swift in Sources */ = {isa = PBXBuildFile; fileRef = 49301C0624074E2400B4780B /* SceneDelegate.swift */; };
		49301C0924074E2400B4780B /* ViewController.swift in Sources */ = {isa = PBXBuildFile; fileRef = 49301C0824074E2400B4780B /* ViewController.swift */; };
		49301C0C24074E2400B4780B /* Main.storyboard in Resources */ = {isa = PBXBuildFile; fileRef = 49301C0A24074E2400B4780B /* Main.storyboard */; };
		49301C0E24074E2E00B4780B /* Assets.xcassets in Resources */ = {isa = PBXBuildFile; fileRef = 49301C0D24074E2E00B4780B /* Assets.xcassets */; };
		49301C1124074E2E00B4780B /* LaunchScreen.storyboard in Resources */ = {isa = PBXBuildFile; fileRef = 49301C0F24074E2E00B4780B /* LaunchScreen.storyboard */; };
		49301C1924076B8A00B4780B /* InputDescView.swift in Sources */ = {isa = PBXBuildFile; fileRef = 49301C1824076B8A00B4780B /* InputDescView.swift */; };
		49301C1B2408B48A00B4780B /* TokenModel.swift in Sources */ = {isa = PBXBuildFile; fileRef = 49301C1A2408B48A00B4780B /* TokenModel.swift */; };
		4AD431E386898119BEB5D6C3 /* libPods-HistoryInteractiveImage_WorldWarI.a in Frameworks */ = {isa = PBXBuildFile; fileRef = 9AC392768AF8F3A0BB4750FD /* libPods-HistoryInteractiveImage_WorldWarI.a */; };
/* End PBXBuildFile section */

/* Begin PBXFileReference section */
		49301C0124074E2400B4780B /* WWI Bridge.app */ = {isa = PBXFileReference; explicitFileType = wrapper.application; includeInIndex = 0; path = "WWI Bridge.app"; sourceTree = BUILT_PRODUCTS_DIR; };
		49301C0424074E2400B4780B /* AppDelegate.swift */ = {isa = PBXFileReference; lastKnownFileType = sourcecode.swift; path = AppDelegate.swift; sourceTree = "<group>"; };
		49301C0624074E2400B4780B /* SceneDelegate.swift */ = {isa = PBXFileReference; lastKnownFileType = sourcecode.swift; path = SceneDelegate.swift; sourceTree = "<group>"; };
		49301C0824074E2400B4780B /* ViewController.swift */ = {isa = PBXFileReference; lastKnownFileType = sourcecode.swift; path = ViewController.swift; sourceTree = "<group>"; };
		49301C0B24074E2400B4780B /* Base */ = {isa = PBXFileReference; lastKnownFileType = file.storyboard; name = Base; path = Base.lproj/Main.storyboard; sourceTree = "<group>"; };
		49301C0D24074E2E00B4780B /* Assets.xcassets */ = {isa = PBXFileReference; lastKnownFileType = folder.assetcatalog; path = Assets.xcassets; sourceTree = "<group>"; };
		49301C1024074E2E00B4780B /* Base */ = {isa = PBXFileReference; lastKnownFileType = file.storyboard; name = Base; path = Base.lproj/LaunchScreen.storyboard; sourceTree = "<group>"; };
		49301C1224074E2E00B4780B /* Info.plist */ = {isa = PBXFileReference; lastKnownFileType = text.plist.xml; path = Info.plist; sourceTree = "<group>"; };
		49301C1824076B8A00B4780B /* InputDescView.swift */ = {isa = PBXFileReference; lastKnownFileType = sourcecode.swift; path = InputDescView.swift; sourceTree = "<group>"; };
		49301C1A2408B48A00B4780B /* TokenModel.swift */ = {isa = PBXFileReference; lastKnownFileType = sourcecode.swift; path = TokenModel.swift; sourceTree = "<group>"; };
		831DBA2F2374084885C62463 /* Pods-HistoryInteractiveImage_WorldWarI.debug.xcconfig */ = {isa = PBXFileReference; includeInIndex = 1; lastKnownFileType = text.xcconfig; name = "Pods-HistoryInteractiveImage_WorldWarI.debug.xcconfig"; path = "Target Support Files/Pods-HistoryInteractiveImage_WorldWarI/Pods-HistoryInteractiveImage_WorldWarI.debug.xcconfig"; sourceTree = "<group>"; };
		9AC392768AF8F3A0BB4750FD /* libPods-HistoryInteractiveImage_WorldWarI.a */ = {isa = PBXFileReference; explicitFileType = archive.ar; includeInIndex = 0; path = "libPods-HistoryInteractiveImage_WorldWarI.a"; sourceTree = BUILT_PRODUCTS_DIR; };
		B83202B1B645CD2A7BA6B3FD /* Pods-HistoryInteractiveImage_WorldWarI.release.xcconfig */ = {isa = PBXFileReference; includeInIndex = 1; lastKnownFileType = text.xcconfig; name = "Pods-HistoryInteractiveImage_WorldWarI.release.xcconfig"; path = "Target Support Files/Pods-HistoryInteractiveImage_WorldWarI/Pods-HistoryInteractiveImage_WorldWarI.release.xcconfig"; sourceTree = "<group>"; };
/* End PBXFileReference section */

/* Begin PBXFrameworksBuildPhase section */
		49301BFE24074E2300B4780B /* Frameworks */ = {
			isa = PBXFrameworksBuildPhase;
			buildActionMask = 2147483647;
			files = (
				4AD431E386898119BEB5D6C3 /* libPods-HistoryInteractiveImage_WorldWarI.a in Frameworks */,
			);
			runOnlyForDeploymentPostprocessing = 0;
		};
/* End PBXFrameworksBuildPhase section */

/* Begin PBXGroup section */
		49301BF824074E2300B4780B = {
			isa = PBXGroup;
			children = (
				49301C0324074E2400B4780B /* HistoryInteractiveImage_WorldWarI */,
				49301C0224074E2400B4780B /* Products */,
				D9DB907AE5511A9EAAEAD601 /* Pods */,
				E84260C58FAC849B09047EB5 /* Frameworks */,
			);
			sourceTree = "<group>";
		};
		49301C0224074E2400B4780B /* Products */ = {
			isa = PBXGroup;
			children = (
				49301C0124074E2400B4780B /* WWI Bridge.app */,
			);
			name = Products;
			sourceTree = "<group>";
		};
		49301C0324074E2400B4780B /* HistoryInteractiveImage_WorldWarI */ = {
			isa = PBXGroup;
			children = (
				49301C0424074E2400B4780B /* AppDelegate.swift */,
				49301C0624074E2400B4780B /* SceneDelegate.swift */,
				49301C0824074E2400B4780B /* ViewController.swift */,
				49301C1A2408B48A00B4780B /* TokenModel.swift */,
				49301C1824076B8A00B4780B /* InputDescView.swift */,
				49301C0A24074E2400B4780B /* Main.storyboard */,
				49301C0D24074E2E00B4780B /* Assets.xcassets */,
				49301C0F24074E2E00B4780B /* LaunchScreen.storyboard */,
				49301C1224074E2E00B4780B /* Info.plist */,
			);
			path = HistoryInteractiveImage_WorldWarI;
			sourceTree = "<group>";
		};
		D9DB907AE5511A9EAAEAD601 /* Pods */ = {
			isa = PBXGroup;
			children = (
				831DBA2F2374084885C62463 /* Pods-HistoryInteractiveImage_WorldWarI.debug.xcconfig */,
				B83202B1B645CD2A7BA6B3FD /* Pods-HistoryInteractiveImage_WorldWarI.release.xcconfig */,
			);
			path = Pods;
			sourceTree = "<group>";
		};
		E84260C58FAC849B09047EB5 /* Frameworks */ = {
			isa = PBXGroup;
			children = (
				9AC392768AF8F3A0BB4750FD /* libPods-HistoryInteractiveImage_WorldWarI.a */,
			);
			name = Frameworks;
			sourceTree = "<group>";
		};
/* End PBXGroup section */

/* Begin PBXNativeTarget section */
		49301C0024074E2300B4780B /* HistoryInteractiveImage_WorldWarI */ = {
			isa = PBXNativeTarget;
			buildConfigurationList = 49301C1524074E2F00B4780B /* Build configuration list for PBXNativeTarget "HistoryInteractiveImage_WorldWarI" */;
			buildPhases = (
				6EF411B99BB71C24304D30ED /* [CP] Check Pods Manifest.lock */,
				49301BFD24074E2300B4780B /* Sources */,
				49301BFE24074E2300B4780B /* Frameworks */,
				49301BFF24074E2300B4780B /* Resources */,
			);
			buildRules = (
			);
			dependencies = (
			);
			name = HistoryInteractiveImage_WorldWarI;
			productName = HistoryInteractiveImage_WorldWarI;
			productReference = 49301C0124074E2400B4780B /* WWI Bridge.app */;
			productType = "com.apple.product-type.application";
		};
/* End PBXNativeTarget section */

/* Begin PBXProject section */
		49301BF924074E2300B4780B /* Project object */ = {
			isa = PBXProject;
			attributes = {
				LastSwiftUpdateCheck = 1120;
				LastUpgradeCheck = 1120;
				ORGANIZATIONNAME = Andrew;
				TargetAttributes = {
					49301C0024074E2300B4780B = {
						CreatedOnToolsVersion = 11.2.1;
					};
				};
			};
			buildConfigurationList = 49301BFC24074E2300B4780B /* Build configuration list for PBXProject "HistoryInteractiveImage_WorldWarI" */;
			compatibilityVersion = "Xcode 9.3";
			developmentRegion = en;
			hasScannedForEncodings = 0;
			knownRegions = (
				en,
				Base,
			);
			mainGroup = 49301BF824074E2300B4780B;
			productRefGroup = 49301C0224074E2400B4780B /* Products */;
			projectDirPath = "";
			projectRoot = "";
			targets = (
				49301C0024074E2300B4780B /* HistoryInteractiveImage_WorldWarI */,
			);
		};
/* End PBXProject section */

/* Begin PBXResourcesBuildPhase section */
		49301BFF24074E2300B4780B /* Resources */ = {
			isa = PBXResourcesBuildPhase;
			buildActionMask = 2147483647;
			files = (
				49301C1124074E2E00B4780B /* LaunchScreen.storyboard in Resources */,
				49301C0E24074E2E00B4780B /* Assets.xcassets in Resources */,
				49301C0C24074E2400B4780B /* Main.storyboard in Resources */,
			);
			runOnlyForDeploymentPostprocessing = 0;
		};
/* End PBXResourcesBuildPhase section */

/* Begin PBXShellScriptBuildPhase section */
		6EF411B99BB71C24304D30ED /* [CP] Check Pods Manifest.lock */ = {
			isa = PBXShellScriptBuildPhase;
			buildActionMask = 2147483647;
			files = (
			);
			inputFileListPaths = (
			);
			inputPaths = (
				"${PODS_PODFILE_DIR_PATH}/Podfile.lock",
				"${PODS_ROOT}/Manifest.lock",
			);
			name = "[CP] Check Pods Manifest.lock";
			outputFileListPaths = (
			);
			outputPaths = (
				"$(DERIVED_FILE_DIR)/Pods-HistoryInteractiveImage_WorldWarI-checkManifestLockResult.txt",
			);
			runOnlyForDeploymentPostprocessing = 0;
			shellPath = /bin/sh;
			shellScript = "diff \"${PODS_PODFILE_DIR_PATH}/Podfile.lock\" \"${PODS_ROOT}/Manifest.lock\" > /dev/null\nif [ $? != 0 ] ; then\n    # print error to STDERR\n    echo \"error: The sandbox is not in sync with the Podfile.lock. Run 'pod install' or update your CocoaPods installation.\" >&2\n    exit 1\nfi\n# This output is used by Xcode 'outputs' to avoid re-running this script phase.\necho \"SUCCESS\" > \"${SCRIPT_OUTPUT_FILE_0}\"\n";
			showEnvVarsInLog = 0;
		};
/* End PBXShellScriptBuildPhase section */

/* Begin PBXSourcesBuildPhase section */
		49301BFD24074E2300B4780B /* Sources */ = {
			isa = PBXSourcesBuildPhase;
			buildActionMask = 2147483647;
			files = (
				49301C0924074E2400B4780B /* ViewController.swift in Sources */,
				49301C1924076B8A00B4780B /* InputDescView.swift in Sources */,
				49301C0524074E2400B4780B /* AppDelegate.swift in Sources */,
				49301C1B2408B48A00B4780B /* TokenModel.swift in Sources */,
				49301C0724074E2400B4780B /* SceneDelegate.swift in Sources */,
			);
			runOnlyForDeploymentPostprocessing = 0;
		};
/* End PBXSourcesBuildPhase section */

/* Begin PBXVariantGroup section */
		49301C0A24074E2400B4780B /* Main.storyboard */ = {
			isa = PBXVariantGroup;
			children = (
				49301C0B24074E2400B4780B /* Base */,
			);
			name = Main.storyboard;
			sourceTree = "<group>";
		};
		49301C0F24074E2E00B4780B /* LaunchScreen.storyboard */ = {
			isa = PBXVariantGroup;
			children = (
				49301C1024074E2E00B4780B /* Base */,
			);
			name = LaunchScreen.storyboard;
			sourceTree = "<group>";
		};
/* End PBXVariantGroup section */

/* Begin XCBuildConfiguration section */
		49301C1324074E2F00B4780B /* Debug */ = {
			isa = XCBuildConfiguration;
			buildSettings = {
				ALWAYS_SEARCH_USER_PATHS = NO;
				CLANG_ANALYZER_NONNULL = YES;
				CLANG_ANALYZER_NUMBER_OBJECT_CONVERSION = YES_AGGRESSIVE;
				CLANG_CXX_LANGUAGE_STANDARD = "gnu++14";
				CLANG_CXX_LIBRARY = "libc++";
				CLANG_ENABLE_MODULES = YES;
				CLANG_ENABLE_OBJC_ARC = YES;
				CLANG_ENABLE_OBJC_WEAK = YES;
				CLANG_WARN_BLOCK_CAPTURE_AUTORELEASING = YES;
				CLANG_WARN_BOOL_CONVERSION = YES;
				CLANG_WARN_COMMA = YES;
				CLANG_WARN_CONSTANT_CONVERSION = YES;
				CLANG_WARN_DEPRECATED_OBJC_IMPLEMENTATIONS = YES;
				CLANG_WARN_DIRECT_OBJC_ISA_USAGE = YES_ERROR;
				CLANG_WARN_DOCUMENTATION_COMMENTS = YES;
				CLANG_WARN_EMPTY_BODY = YES;
				CLANG_WARN_ENUM_CONVERSION = YES;
				CLANG_WARN_INFINITE_RECURSION = YES;
				CLANG_WARN_INT_CONVERSION = YES;
				CLANG_WARN_NON_LITERAL_NULL_CONVERSION = YES;
				CLANG_WARN_OBJC_IMPLICIT_RETAIN_SELF = YES;
				CLANG_WARN_OBJC_LITERAL_CONVERSION = YES;
				CLANG_WARN_OBJC_ROOT_CLASS = YES_ERROR;
				CLANG_WARN_RANGE_LOOP_ANALYSIS = YES;
				CLANG_WARN_STRICT_PROTOTYPES = YES;
				CLANG_WARN_SUSPICIOUS_MOVE = YES;
				CLANG_WARN_UNGUARDED_AVAILABILITY = YES_AGGRESSIVE;
				CLANG_WARN_UNREACHABLE_CODE = YES;
				CLANG_WARN__DUPLICATE_METHOD_MATCH = YES;
				COPY_PHASE_STRIP = NO;
				DEBUG_INFORMATION_FORMAT = dwarf;
				ENABLE_STRICT_OBJC_MSGSEND = YES;
				ENABLE_TESTABILITY = YES;
				GCC_C_LANGUAGE_STANDARD = gnu11;
				GCC_DYNAMIC_NO_PIC = NO;
				GCC_NO_COMMON_BLOCKS = YES;
				GCC_OPTIMIZATION_LEVEL = 0;
				GCC_PREPROCESSOR_DEFINITIONS = (
					"DEBUG=1",
					"$(inherited)",
				);
				GCC_WARN_64_TO_32_BIT_CONVERSION = YES;
				GCC_WARN_ABOUT_RETURN_TYPE = YES_ERROR;
				GCC_WARN_UNDECLARED_SELECTOR = YES;
				GCC_WARN_UNINITIALIZED_AUTOS = YES_AGGRESSIVE;
				GCC_WARN_UNUSED_FUNCTION = YES;
				GCC_WARN_UNUSED_VARIABLE = YES;
				IPHONEOS_DEPLOYMENT_TARGET = 13.2;
				MTL_ENABLE_DEBUG_INFO = INCLUDE_SOURCE;
				MTL_FAST_MATH = YES;
				ONLY_ACTIVE_ARCH = YES;
				SDKROOT = iphoneos;
				SWIFT_ACTIVE_COMPILATION_CONDITIONS = DEBUG;
				SWIFT_OPTIMIZATION_LEVEL = "-Onone";
			};
			name = Debug;
		};
		49301C1424074E2F00B4780B /* Release */ = {
			isa = XCBuildConfiguration;
			buildSettings = {
				ALWAYS_SEARCH_USER_PATHS = NO;
				CLANG_ANALYZER_NONNULL = YES;
				CLANG_ANALYZER_NUMBER_OBJECT_CONVERSION = YES_AGGRESSIVE;
				CLANG_CXX_LANGUAGE_STANDARD = "gnu++14";
				CLANG_CXX_LIBRARY = "libc++";
				CLANG_ENABLE_MODULES = YES;
				CLANG_ENABLE_OBJC_ARC = YES;
				CLANG_ENABLE_OBJC_WEAK = YES;
				CLANG_WARN_BLOCK_CAPTURE_AUTORELEASING = YES;
				CLANG_WARN_BOOL_CONVERSION = YES;
				CLANG_WARN_COMMA = YES;
				CLANG_WARN_CONSTANT_CONVERSION = YES;
				CLANG_WARN_DEPRECATED_OBJC_IMPLEMENTATIONS = YES;
				CLANG_WARN_DIRECT_OBJC_ISA_USAGE = YES_ERROR;
				CLANG_WARN_DOCUMENTATION_COMMENTS = YES;
				CLANG_WARN_EMPTY_BODY = YES;
				CLANG_WARN_ENUM_CONVERSION = YES;
				CLANG_WARN_INFINITE_RECURSION = YES;
				CLANG_WARN_INT_CONVERSION = YES;
				CLANG_WARN_NON_LITERAL_NULL_CONVERSION = YES;
				CLANG_WARN_OBJC_IMPLICIT_RETAIN_SELF = YES;
				CLANG_WARN_OBJC_LITERAL_CONVERSION = YES;
				CLANG_WARN_OBJC_ROOT_CLASS = YES_ERROR;
				CLANG_WARN_RANGE_LOOP_ANALYSIS = YES;
				CLANG_WARN_STRICT_PROTOTYPES = YES;
				CLANG_WARN_SUSPICIOUS_MOVE = YES;
				CLANG_WARN_UNGUARDED_AVAILABILITY = YES_AGGRESSIVE;
				CLANG_WARN_UNREACHABLE_CODE = YES;
				CLANG_WARN__DUPLICATE_METHOD_MATCH = YES;
				COPY_PHASE_STRIP = NO;
				DEBUG_INFORMATION_FORMAT = "dwarf-with-dsym";
				ENABLE_NS_ASSERTIONS = NO;
				ENABLE_STRICT_OBJC_MSGSEND = YES;
				GCC_C_LANGUAGE_STANDARD = gnu11;
				GCC_NO_COMMON_BLOCKS = YES;
				GCC_WARN_64_TO_32_BIT_CONVERSION = YES;
				GCC_WARN_ABOUT_RETURN_TYPE = YES_ERROR;
				GCC_WARN_UNDECLARED_SELECTOR = YES;
				GCC_WARN_UNINITIALIZED_AUTOS = YES_AGGRESSIVE;
				GCC_WARN_UNUSED_FUNCTION = YES;
				GCC_WARN_UNUSED_VARIABLE = YES;
				IPHONEOS_DEPLOYMENT_TARGET = 13.2;
				MTL_ENABLE_DEBUG_INFO = NO;
				MTL_FAST_MATH = YES;
				SDKROOT = iphoneos;
				SWIFT_COMPILATION_MODE = wholemodule;
				SWIFT_OPTIMIZATION_LEVEL = "-O";
				VALIDATE_PRODUCT = YES;
			};
			name = Release;
		};
		49301C1624074E2F00B4780B /* Debug */ = {
			isa = XCBuildConfiguration;
			baseConfigurationReference = 831DBA2F2374084885C62463 /* Pods-HistoryInteractiveImage_WorldWarI.debug.xcconfig */;
			buildSettings = {
				ASSETCATALOG_COMPILER_APPICON_NAME = AppIcon;
				CODE_SIGN_STYLE = Automatic;
				DEVELOPMENT_TEAM = YA533DMD5J;
				INFOPLIST_FILE = HistoryInteractiveImage_WorldWarI/Info.plist;
				LD_RUNPATH_SEARCH_PATHS = (
					"$(inherited)",
					"@executable_path/Frameworks",
				);
				PRODUCT_BUNDLE_IDENTIFIER = "com.ktkpiano.HistoryInteractiveImage-WorldWarI";
				PRODUCT_NAME = "WWI Bridge";
				SWIFT_VERSION = 5.0;
				TARGETED_DEVICE_FAMILY = "1,2";
			};
			name = Debug;
		};
		49301C1724074E2F00B4780B /* Release */ = {
			isa = XCBuildConfiguration;
			baseConfigurationReference = B83202B1B645CD2A7BA6B3FD /* Pods-HistoryInteractiveImage_WorldWarI.release.xcconfig */;
			buildSettings = {
				ASSETCATALOG_COMPILER_APPICON_NAME = AppIcon;
				CODE_SIGN_STYLE = Automatic;
				DEVELOPMENT_TEAM = YA533DMD5J;
				INFOPLIST_FILE = HistoryInteractiveImage_WorldWarI/Info.plist;
				LD_RUNPATH_SEARCH_PATHS = (
					"$(inherited)",
					"@executable_path/Frameworks",
				);
				PRODUCT_BUNDLE_IDENTIFIER = "com.ktkpiano.HistoryInteractiveImage-WorldWarI";
				PRODUCT_NAME = "WWI Bridge";
				SWIFT_VERSION = 5.0;
				TARGETED_DEVICE_FAMILY = "1,2";
			};
			name = Release;
		};
/* End XCBuildConfiguration section */

/* Begin XCConfigurationList section */
		49301BFC24074E2300B4780B /* Build configuration list for PBXProject "HistoryInteractiveImage_WorldWarI" */ = {
			isa = XCConfigurationList;
			buildConfigurations = (
				49301C1324074E2F00B4780B /* Debug */,
				49301C1424074E2F00B4780B /* Release */,
			);
			defaultConfigurationIsVisible = 0;
			defaultConfigurationName = Release;
		};
		49301C1524074E2F00B4780B /* Build configuration list for PBXNativeTarget "HistoryInteractiveImage_WorldWarI" */ = {
			isa = XCConfigurationList;
			buildConfigurations = (
				49301C1624074E2F00B4780B /* Debug */,
				49301C1724074E2F00B4780B /* Release */,
			);
			defaultConfigurationIsVisible = 0;
			defaultConfigurationName = Release;
		};
/* End XCConfigurationList section */
	};
	rootObject = 49301BF924074E2300B4780B /* Project object */;
}
